// !$*UTF8*$!
{
	archiveVersion = 1;
	classes = {
	};
	objectVersion = 55;
	objects = {

/* Begin PBXBuildFile section */
		CCDA0AA127EBC00600C8F565 /* RapptrCodingChallengeApp.swift in Sources */ = {isa = PBXBuildFile; fileRef = CCDA0AA027EBC00600C8F565 /* RapptrCodingChallengeApp.swift */; };
		CCDA0AA327EBC00600C8F565 /* HomeScreenView.swift in Sources */ = {isa = PBXBuildFile; fileRef = CCDA0AA227EBC00600C8F565 /* HomeScreenView.swift */; };
		CCDA0AA527EBC00700C8F565 /* Assets.xcassets in Resources */ = {isa = PBXBuildFile; fileRef = CCDA0AA427EBC00700C8F565 /* Assets.xcassets */; };
		CCDA0AA827EBC00700C8F565 /* Preview Assets.xcassets in Resources */ = {isa = PBXBuildFile; fileRef = CCDA0AA727EBC00700C8F565 /* Preview Assets.xcassets */; };
		CCDA0AB127EBC52D00C8F565 /* ChatClient.swift in Sources */ = {isa = PBXBuildFile; fileRef = CCDA0AAF27EBC52D00C8F565 /* ChatClient.swift */; };
		CCDA0AB227EBC52D00C8F565 /* LoginClient.swift in Sources */ = {isa = PBXBuildFile; fileRef = CCDA0AB027EBC52D00C8F565 /* LoginClient.swift */; };
		CCDA0AB527EBC53700C8F565 /* Message.swift in Sources */ = {isa = PBXBuildFile; fileRef = CCDA0AB427EBC53700C8F565 /* Message.swift */; };
		CCDA0ABD27EBC8CC00C8F565 /* ButtonView.swift in Sources */ = {isa = PBXBuildFile; fileRef = CCDA0ABC27EBC8CC00C8F565 /* ButtonView.swift */; };
		CCDA0AC327ECE0C700C8F565 /* Color.swift in Sources */ = {isa = PBXBuildFile; fileRef = CCDA0AC227ECE0C700C8F565 /* Color.swift */; };
		CCDA0AC527ECF84F00C8F565 /* HomeViewModel.swift in Sources */ = {isa = PBXBuildFile; fileRef = CCDA0AC427ECF84F00C8F565 /* HomeViewModel.swift */; };
/* End PBXBuildFile section */

/* Begin PBXFileReference section */
		CCDA0A9D27EBC00600C8F565 /* RapptrCodingChallenge.app */ = {isa = PBXFileReference; explicitFileType = wrapper.application; includeInIndex = 0; path = RapptrCodingChallenge.app; sourceTree = BUILT_PRODUCTS_DIR; };
		CCDA0AA027EBC00600C8F565 /* RapptrCodingChallengeApp.swift */ = {isa = PBXFileReference; lastKnownFileType = sourcecode.swift; path = RapptrCodingChallengeApp.swift; sourceTree = "<group>"; };
		CCDA0AA227EBC00600C8F565 /* HomeScreenView.swift */ = {isa = PBXFileReference; lastKnownFileType = sourcecode.swift; path = HomeScreenView.swift; sourceTree = "<group>"; };
		CCDA0AA427EBC00700C8F565 /* Assets.xcassets */ = {isa = PBXFileReference; lastKnownFileType = folder.assetcatalog; path = Assets.xcassets; sourceTree = "<group>"; };
		CCDA0AA727EBC00700C8F565 /* Preview Assets.xcassets */ = {isa = PBXFileReference; lastKnownFileType = folder.assetcatalog; path = "Preview Assets.xcassets"; sourceTree = "<group>"; };
		CCDA0AAF27EBC52D00C8F565 /* ChatClient.swift */ = {isa = PBXFileReference; fileEncoding = 4; lastKnownFileType = sourcecode.swift; path = ChatClient.swift; sourceTree = "<group>"; };
		CCDA0AB027EBC52D00C8F565 /* LoginClient.swift */ = {isa = PBXFileReference; fileEncoding = 4; lastKnownFileType = sourcecode.swift; path = LoginClient.swift; sourceTree = "<group>"; };
		CCDA0AB427EBC53700C8F565 /* Message.swift */ = {isa = PBXFileReference; fileEncoding = 4; lastKnownFileType = sourcecode.swift; path = Message.swift; sourceTree = "<group>"; };
		CCDA0ABC27EBC8CC00C8F565 /* ButtonView.swift */ = {isa = PBXFileReference; lastKnownFileType = sourcecode.swift; path = ButtonView.swift; sourceTree = "<group>"; };
		CCDA0AC227ECE0C700C8F565 /* Color.swift */ = {isa = PBXFileReference; lastKnownFileType = sourcecode.swift; path = Color.swift; sourceTree = "<group>"; };
		CCDA0AC427ECF84F00C8F565 /* HomeViewModel.swift */ = {isa = PBXFileReference; lastKnownFileType = sourcecode.swift; path = HomeViewModel.swift; sourceTree = "<group>"; };
/* End PBXFileReference section */

/* Begin PBXFrameworksBuildPhase section */
		CCDA0A9A27EBC00600C8F565 /* Frameworks */ = {
			isa = PBXFrameworksBuildPhase;
			buildActionMask = 2147483647;
			files = (
			);
			runOnlyForDeploymentPostprocessing = 0;
		};
/* End PBXFrameworksBuildPhase section */

/* Begin PBXGroup section */
		CCDA0A9427EBC00600C8F565 = {
			isa = PBXGroup;
			children = (
				CCDA0A9F27EBC00600C8F565 /* RapptrCodingChallenge */,
				CCDA0A9E27EBC00600C8F565 /* Products */,
			);
			sourceTree = "<group>";
		};
		CCDA0A9E27EBC00600C8F565 /* Products */ = {
			isa = PBXGroup;
			children = (
				CCDA0A9D27EBC00600C8F565 /* RapptrCodingChallenge.app */,
			);
			name = Products;
			sourceTree = "<group>";
		};
		CCDA0A9F27EBC00600C8F565 /* RapptrCodingChallenge */ = {
			isa = PBXGroup;
			children = (
				CCDA0AC127ECE0B200C8F565 /* Extensions */,
				CCDA0AB927EBC83400C8F565 /* Views */,
				CCDA0AB627EBC6F800C8F565 /* ViewModels */,
				CCDA0AA027EBC00600C8F565 /* RapptrCodingChallengeApp.swift */,
				CCDA0AAE27EBC52D00C8F565 /* Clients */,
				CCDA0AB327EBC53700C8F565 /* Models */,
				CCDA0AA427EBC00700C8F565 /* Assets.xcassets */,
				CCDA0AA627EBC00700C8F565 /* Preview Content */,
			);
			path = RapptrCodingChallenge;
			sourceTree = "<group>";
		};
		CCDA0AA627EBC00700C8F565 /* Preview Content */ = {
			isa = PBXGroup;
			children = (
				CCDA0AA727EBC00700C8F565 /* Preview Assets.xcassets */,
			);
			path = "Preview Content";
			sourceTree = "<group>";
		};
		CCDA0AAE27EBC52D00C8F565 /* Clients */ = {
			isa = PBXGroup;
			children = (
				CCDA0AAF27EBC52D00C8F565 /* ChatClient.swift */,
				CCDA0AB027EBC52D00C8F565 /* LoginClient.swift */,
			);
			path = Clients;
			sourceTree = "<group>";
		};
		CCDA0AB327EBC53700C8F565 /* Models */ = {
			isa = PBXGroup;
			children = (
				CCDA0AB427EBC53700C8F565 /* Message.swift */,
			);
			path = Models;
			sourceTree = "<group>";
		};
		CCDA0AB627EBC6F800C8F565 /* ViewModels */ = {
			isa = PBXGroup;
			children = (
				CCDA0AC427ECF84F00C8F565 /* HomeViewModel.swift */,
			);
			path = ViewModels;
			sourceTree = "<group>";
		};
		CCDA0AB927EBC83400C8F565 /* Views */ = {
			isa = PBXGroup;
			children = (
				CCDA0ABB27EBC85A00C8F565 /* Component */,
				CCDA0ABA27EBC85000C8F565 /* Core */,
			);
			path = Views;
			sourceTree = "<group>";
		};
		CCDA0ABA27EBC85000C8F565 /* Core */ = {
			isa = PBXGroup;
			children = (
				CCDA0AA227EBC00600C8F565 /* HomeScreenView.swift */,
			);
			path = Core;
			sourceTree = "<group>";
		};
		CCDA0ABB27EBC85A00C8F565 /* Component */ = {
			isa = PBXGroup;
			children = (
				CCDA0ABC27EBC8CC00C8F565 /* ButtonView.swift */,
			);
			path = Component;
			sourceTree = "<group>";
		};
		CCDA0AC127ECE0B200C8F565 /* Extensions */ = {
			isa = PBXGroup;
			children = (
				CCDA0AC227ECE0C700C8F565 /* Color.swift */,
			);
			path = Extensions;
			sourceTree = "<group>";
		};
/* End PBXGroup section */

/* Begin PBXNativeTarget section */
		CCDA0A9C27EBC00600C8F565 /* RapptrCodingChallenge */ = {
			isa = PBXNativeTarget;
			buildConfigurationList = CCDA0AAB27EBC00700C8F565 /* Build configuration list for PBXNativeTarget "RapptrCodingChallenge" */;
			buildPhases = (
				CCDA0A9927EBC00600C8F565 /* Sources */,
				CCDA0A9A27EBC00600C8F565 /* Frameworks */,
				CCDA0A9B27EBC00600C8F565 /* Resources */,
			);
			buildRules = (
			);
			dependencies = (
			);
			name = RapptrCodingChallenge;
			productName = RapptrCodingChallenge;
			productReference = CCDA0A9D27EBC00600C8F565 /* RapptrCodingChallenge.app */;
			productType = "com.apple.product-type.application";
		};
/* End PBXNativeTarget section */

/* Begin PBXProject section */
		CCDA0A9527EBC00600C8F565 /* Project object */ = {
			isa = PBXProject;
			attributes = {
				BuildIndependentTargetsInParallel = 1;
				LastSwiftUpdateCheck = 1320;
				LastUpgradeCheck = 1320;
				TargetAttributes = {
					CCDA0A9C27EBC00600C8F565 = {
						CreatedOnToolsVersion = 13.2.1;
					};
				};
			};
			buildConfigurationList = CCDA0A9827EBC00600C8F565 /* Build configuration list for PBXProject "RapptrCodingChallenge" */;
			compatibilityVersion = "Xcode 13.0";
			developmentRegion = en;
			hasScannedForEncodings = 0;
			knownRegions = (
				en,
				Base,
			);
			mainGroup = CCDA0A9427EBC00600C8F565;
			productRefGroup = CCDA0A9E27EBC00600C8F565 /* Products */;
			projectDirPath = "";
			projectRoot = "";
			targets = (
				CCDA0A9C27EBC00600C8F565 /* RapptrCodingChallenge */,
			);
		};
/* End PBXProject section */

/* Begin PBXResourcesBuildPhase section */
		CCDA0A9B27EBC00600C8F565 /* Resources */ = {
			isa = PBXResourcesBuildPhase;
			buildActionMask = 2147483647;
			files = (
				CCDA0AA827EBC00700C8F565 /* Preview Assets.xcassets in Resources */,
				CCDA0AA527EBC00700C8F565 /* Assets.xcassets in Resources */,
			);
			runOnlyForDeploymentPostprocessing = 0;
		};
/* End PBXResourcesBuildPhase section */

/* Begin PBXSourcesBuildPhase section */
		CCDA0A9927EBC00600C8F565 /* Sources */ = {
			isa = PBXSourcesBuildPhase;
			buildActionMask = 2147483647;
			files = (
				CCDA0AB227EBC52D00C8F565 /* LoginClient.swift in Sources */,
				CCDA0AC527ECF84F00C8F565 /* HomeViewModel.swift in Sources */,
				CCDA0AB127EBC52D00C8F565 /* ChatClient.swift in Sources */,
				CCDA0AB527EBC53700C8F565 /* Message.swift in Sources */,
				CCDA0AA327EBC00600C8F565 /* HomeScreenView.swift in Sources */,
				CCDA0AA127EBC00600C8F565 /* RapptrCodingChallengeApp.swift in Sources */,
				CCDA0ABD27EBC8CC00C8F565 /* ButtonView.swift in Sources */,
				CCDA0AC327ECE0C700C8F565 /* Color.swift in Sources */,
			);
			runOnlyForDeploymentPostprocessing = 0;
		};
/* End PBXSourcesBuildPhase section */

/* Begin XCBuildConfiguration section */
		CCDA0AA927EBC00700C8F565 /* Debug */ = {
			isa = XCBuildConfiguration;
			buildSettings = {
				ALWAYS_SEARCH_USER_PATHS = NO;
				CLANG_ANALYZER_NONNULL = YES;
				CLANG_ANALYZER_NUMBER_OBJECT_CONVERSION = YES_AGGRESSIVE;
				CLANG_CXX_LANGUAGE_STANDARD = "gnu++17";
				CLANG_CXX_LIBRARY = "libc++";
				CLANG_ENABLE_MODULES = YES;
				CLANG_ENABLE_OBJC_ARC = YES;
				CLANG_ENABLE_OBJC_WEAK = YES;
				CLANG_WARN_BLOCK_CAPTURE_AUTORELEASING = YES;
				CLANG_WARN_BOOL_CONVERSION = YES;
				CLANG_WARN_COMMA = YES;
				CLANG_WARN_CONSTANT_CONVERSION = YES;
				CLANG_WARN_DEPRECATED_OBJC_IMPLEMENTATIONS = YES;
				CLANG_WARN_DIRECT_OBJC_ISA_USAGE = YES_ERROR;
				CLANG_WARN_DOCUMENTATION_COMMENTS = YES;
				CLANG_WARN_EMPTY_BODY = YES;
				CLANG_WARN_ENUM_CONVERSION = YES;
				CLANG_WARN_INFINITE_RECURSION = YES;
				CLANG_WARN_INT_CONVERSION = YES;
				CLANG_WARN_NON_LITERAL_NULL_CONVERSION = YES;
				CLANG_WARN_OBJC_IMPLICIT_RETAIN_SELF = YES;
				CLANG_WARN_OBJC_LITERAL_CONVERSION = YES;
				CLANG_WARN_OBJC_ROOT_CLASS = YES_ERROR;
				CLANG_WARN_QUOTED_INCLUDE_IN_FRAMEWORK_HEADER = YES;
				CLANG_WARN_RANGE_LOOP_ANALYSIS = YES;
				CLANG_WARN_STRICT_PROTOTYPES = YES;
				CLANG_WARN_SUSPICIOUS_MOVE = YES;
				CLANG_WARN_UNGUARDED_AVAILABILITY = YES_AGGRESSIVE;
				CLANG_WARN_UNREACHABLE_CODE = YES;
				CLANG_WARN__DUPLICATE_METHOD_MATCH = YES;
				COPY_PHASE_STRIP = NO;
				DEBUG_INFORMATION_FORMAT = dwarf;
				ENABLE_STRICT_OBJC_MSGSEND = YES;
				ENABLE_TESTABILITY = YES;
				GCC_C_LANGUAGE_STANDARD = gnu11;
				GCC_DYNAMIC_NO_PIC = NO;
				GCC_NO_COMMON_BLOCKS = YES;
				GCC_OPTIMIZATION_LEVEL = 0;
				GCC_PREPROCESSOR_DEFINITIONS = (
					"DEBUG=1",
					"$(inherited)",
				);
				GCC_WARN_64_TO_32_BIT_CONVERSION = YES;
				GCC_WARN_ABOUT_RETURN_TYPE = YES_ERROR;
				GCC_WARN_UNDECLARED_SELECTOR = YES;
				GCC_WARN_UNINITIALIZED_AUTOS = YES_AGGRESSIVE;
				GCC_WARN_UNUSED_FUNCTION = YES;
				GCC_WARN_UNUSED_VARIABLE = YES;
				IPHONEOS_DEPLOYMENT_TARGET = 15.2;
				MTL_ENABLE_DEBUG_INFO = INCLUDE_SOURCE;
				MTL_FAST_MATH = YES;
				ONLY_ACTIVE_ARCH = YES;
				SDKROOT = iphoneos;
				SWIFT_ACTIVE_COMPILATION_CONDITIONS = DEBUG;
				SWIFT_OPTIMIZATION_LEVEL = "-Onone";
			};
			name = Debug;
		};
		CCDA0AAA27EBC00700C8F565 /* Release */ = {
			isa = XCBuildConfiguration;
			buildSettings = {
				ALWAYS_SEARCH_USER_PATHS = NO;
				CLANG_ANALYZER_NONNULL = YES;
				CLANG_ANALYZER_NUMBER_OBJECT_CONVERSION = YES_AGGRESSIVE;
				CLANG_CXX_LANGUAGE_STANDARD = "gnu++17";
				CLANG_CXX_LIBRARY = "libc++";
				CLANG_ENABLE_MODULES = YES;
				CLANG_ENABLE_OBJC_ARC = YES;
				CLANG_ENABLE_OBJC_WEAK = YES;
				CLANG_WARN_BLOCK_CAPTURE_AUTORELEASING = YES;
				CLANG_WARN_BOOL_CONVERSION = YES;
				CLANG_WARN_COMMA = YES;
				CLANG_WARN_CONSTANT_CONVERSION = YES;
				CLANG_WARN_DEPRECATED_OBJC_IMPLEMENTATIONS = YES;
				CLANG_WARN_DIRECT_OBJC_ISA_USAGE = YES_ERROR;
				CLANG_WARN_DOCUMENTATION_COMMENTS = YES;
				CLANG_WARN_EMPTY_BODY = YES;
				CLANG_WARN_ENUM_CONVERSION = YES;
				CLANG_WARN_INFINITE_RECURSION = YES;
				CLANG_WARN_INT_CONVERSION = YES;
				CLANG_WARN_NON_LITERAL_NULL_CONVERSION = YES;
				CLANG_WARN_OBJC_IMPLICIT_RETAIN_SELF = YES;
				CLANG_WARN_OBJC_LITERAL_CONVERSION = YES;
				CLANG_WARN_OBJC_ROOT_CLASS = YES_ERROR;
				CLANG_WARN_QUOTED_INCLUDE_IN_FRAMEWORK_HEADER = YES;
				CLANG_WARN_RANGE_LOOP_ANALYSIS = YES;
				CLANG_WARN_STRICT_PROTOTYPES = YES;
				CLANG_WARN_SUSPICIOUS_MOVE = YES;
				CLANG_WARN_UNGUARDED_AVAILABILITY = YES_AGGRESSIVE;
				CLANG_WARN_UNREACHABLE_CODE = YES;
				CLANG_WARN__DUPLICATE_METHOD_MATCH = YES;
				COPY_PHASE_STRIP = NO;
				DEBUG_INFORMATION_FORMAT = "dwarf-with-dsym";
				ENABLE_NS_ASSERTIONS = NO;
				ENABLE_STRICT_OBJC_MSGSEND = YES;
				GCC_C_LANGUAGE_STANDARD = gnu11;
				GCC_NO_COMMON_BLOCKS = YES;
				GCC_WARN_64_TO_32_BIT_CONVERSION = YES;
				GCC_WARN_ABOUT_RETURN_TYPE = YES_ERROR;
				GCC_WARN_UNDECLARED_SELECTOR = YES;
				GCC_WARN_UNINITIALIZED_AUTOS = YES_AGGRESSIVE;
				GCC_WARN_UNUSED_FUNCTION = YES;
				GCC_WARN_UNUSED_VARIABLE = YES;
				IPHONEOS_DEPLOYMENT_TARGET = 15.2;
				MTL_ENABLE_DEBUG_INFO = NO;
				MTL_FAST_MATH = YES;
				SDKROOT = iphoneos;
				SWIFT_COMPILATION_MODE = wholemodule;
				SWIFT_OPTIMIZATION_LEVEL = "-O";
				VALIDATE_PRODUCT = YES;
			};
			name = Release;
		};
		CCDA0AAC27EBC00700C8F565 /* Debug */ = {
			isa = XCBuildConfiguration;
			buildSettings = {
				ASSETCATALOG_COMPILER_APPICON_NAME = AppIcon;
				ASSETCATALOG_COMPILER_GLOBAL_ACCENT_COLOR_NAME = AccentColor;
				CODE_SIGN_STYLE = Automatic;
				CURRENT_PROJECT_VERSION = 1;
				DEVELOPMENT_ASSET_PATHS = "\"RapptrCodingChallenge/Preview Content\"";
				DEVELOPMENT_TEAM = NXX3PX4442;
				ENABLE_PREVIEWS = YES;
				GENERATE_INFOPLIST_FILE = YES;
				INFOPLIST_KEY_UIApplicationSceneManifest_Generation = YES;
				INFOPLIST_KEY_UIApplicationSupportsIndirectInputEvents = YES;
				INFOPLIST_KEY_UILaunchScreen_Generation = YES;
				INFOPLIST_KEY_UISupportedInterfaceOrientations_iPad = "UIInterfaceOrientationPortrait UIInterfaceOrientationPortraitUpsideDown UIInterfaceOrientationLandscapeLeft UIInterfaceOrientationLandscapeRight";
				INFOPLIST_KEY_UISupportedInterfaceOrientations_iPhone = "UIInterfaceOrientationPortrait UIInterfaceOrientationLandscapeLeft UIInterfaceOrientationLandscapeRight";
				LD_RUNPATH_SEARCH_PATHS = (
					"$(inherited)",
					"@executable_path/Frameworks",
				);
				MARKETING_VERSION = 1.0;
				PRODUCT_BUNDLE_IDENTIFIER = "com.phinespec-gmail.RapptrCodingChallenge";
				PRODUCT_NAME = "$(TARGET_NAME)";
				SWIFT_EMIT_LOC_STRINGS = YES;
				SWIFT_VERSION = 5.0;
				TARGETED_DEVICE_FAMILY = "1,2";
			};
			name = Debug;
		};
		CCDA0AAD27EBC00700C8F565 /* Release */ = {
			isa = XCBuildConfiguration;
			buildSettings = {
				ASSETCATALOG_COMPILER_APPICON_NAME = AppIcon;
				ASSETCATALOG_COMPILER_GLOBAL_ACCENT_COLOR_NAME = AccentColor;
				CODE_SIGN_STYLE = Automatic;
				CURRENT_PROJECT_VERSION = 1;
				DEVELOPMENT_ASSET_PATHS = "\"RapptrCodingChallenge/Preview Content\"";
				DEVELOPMENT_TEAM = NXX3PX4442;
				ENABLE_PREVIEWS = YES;
				GENERATE_INFOPLIST_FILE = YES;
				INFOPLIST_KEY_UIApplicationSceneManifest_Generation = YES;
				INFOPLIST_KEY_UIApplicationSupportsIndirectInputEvents = YES;
				INFOPLIST_KEY_UILaunchScreen_Generation = YES;
				INFOPLIST_KEY_UISupportedInterfaceOrientations_iPad = "UIInterfaceOrientationPortrait UIInterfaceOrientationPortraitUpsideDown UIInterfaceOrientationLandscapeLeft UIInterfaceOrientationLandscapeRight";
				INFOPLIST_KEY_UISupportedInterfaceOrientations_iPhone = "UIInterfaceOrientationPortrait UIInterfaceOrientationLandscapeLeft UIInterfaceOrientationLandscapeRight";
				LD_RUNPATH_SEARCH_PATHS = (
					"$(inherited)",
					"@executable_path/Frameworks",
				);
				MARKETING_VERSION = 1.0;
				PRODUCT_BUNDLE_IDENTIFIER = "com.phinespec-gmail.RapptrCodingChallenge";
				PRODUCT_NAME = "$(TARGET_NAME)";
				SWIFT_EMIT_LOC_STRINGS = YES;
				SWIFT_VERSION = 5.0;
				TARGETED_DEVICE_FAMILY = "1,2";
			};
			name = Release;
		};
/* End XCBuildConfiguration section */

/* Begin XCConfigurationList section */
		CCDA0A9827EBC00600C8F565 /* Build configuration list for PBXProject "RapptrCodingChallenge" */ = {
			isa = XCConfigurationList;
			buildConfigurations = (
				CCDA0AA927EBC00700C8F565 /* Debug */,
				CCDA0AAA27EBC00700C8F565 /* Release */,
			);
			defaultConfigurationIsVisible = 0;
			defaultConfigurationName = Release;
		};
		CCDA0AAB27EBC00700C8F565 /* Build configuration list for PBXNativeTarget "RapptrCodingChallenge" */ = {
			isa = XCConfigurationList;
			buildConfigurations = (
				CCDA0AAC27EBC00700C8F565 /* Debug */,
				CCDA0AAD27EBC00700C8F565 /* Release */,
			);
			defaultConfigurationIsVisible = 0;
			defaultConfigurationName = Release;
		};
/* End XCConfigurationList section */
	};
	rootObject = CCDA0A9527EBC00600C8F565 /* Project object */;
}
